// !$*UTF8*$!
{
	archiveVersion = 1;
	classes = {
	};
	objectVersion = 44;
	objects = {

/* Begin PBXBuildFile section */
		8D0C4E8D0486CD37000505A6 /* InfoPlist.strings in Resources */ = {isa = PBXBuildFile; fileRef = 0867D6AAFE840B52C02AAC07 /* InfoPlist.strings */; };
		8D0C4E920486CD37000505A6 /* Carbon.framework in Frameworks */ = {isa = PBXBuildFile; fileRef = 20286C33FDCF999611CA2CEA /* Carbon.framework */; };
		DE1EF0EC0F46452B00A790AC /* CEGUI.framework in Frameworks */ = {isa = PBXBuildFile; fileRef = DE1EF0EB0F46452B00A790AC /* CEGUI.framework */; };
		DE1EF1E00F464A8700A790AC /* OgreCEGUIRenderer.framework in Frameworks */ = {isa = PBXBuildFile; fileRef = DE1EF1DF0F464A8700A790AC /* OgreCEGUIRenderer.framework */; };
		DE1EF1E20F464A8B00A790AC /* OgreCEGUIRenderer.framework in CopyFiles */ = {isa = PBXBuildFile; fileRef = DE1EF1DF0F464A8700A790AC /* OgreCEGUIRenderer.framework */; };
		DE1EF28C0F464ABD00A790AC /* CEGUI.framework in CopyFiles */ = {isa = PBXBuildFile; fileRef = DE1EF0EB0F46452B00A790AC /* CEGUI.framework */; };
		DE38A1C40F065CDE00B29D90 /* apframelistener.cpp in Sources */ = {isa = PBXBuildFile; fileRef = DE38A1C30F065CDE00B29D90 /* apframelistener.cpp */; };
		DE86D3A10EFED27100B72F7D /* graphics.cpp in Sources */ = {isa = PBXBuildFile; fileRef = DE86D3A00EFED27100B72F7D /* graphics.cpp */; };
		DEA81CB30EFD9EF200E5A09B /* gameworld.cpp in Sources */ = {isa = PBXBuildFile; fileRef = DEA81CB00EFD9EF200E5A09B /* gameworld.cpp */; };
		DEA81CCF0EFDA10C00E5A09B /* mech.cpp in Sources */ = {isa = PBXBuildFile; fileRef = DEA81CCE0EFDA10C00E5A09B /* mech.cpp */; };
		DEBB0F9C0EFD168100BD6675 /* resources.cfg in Resources */ = {isa = PBXBuildFile; fileRef = DEBB0F9B0EFD168100BD6675 /* resources.cfg */; };
		DEBB0F9E0EFD168A00BD6675 /* plugins.cfg in Resources */ = {isa = PBXBuildFile; fileRef = DEBB0F9D0EFD168A00BD6675 /* plugins.cfg */; };
		DECAC3040EFE5D68001EEFCB /* gameobject.cpp in Sources */ = {isa = PBXBuildFile; fileRef = DECAC3030EFE5D68001EEFCB /* gameobject.cpp */; };
		DED3E57A0EFC797A00B36728 /* apmech.cpp in Sources */ = {isa = PBXBuildFile; fileRef = DED3E5790EFC797A00B36728 /* apmech.cpp */; };
		DED3E57E0EFC79C500B36728 /* Cg.framework in Frameworks */ = {isa = PBXBuildFile; fileRef = DED3E57C0EFC79C500B36728 /* Cg.framework */; };
		DED3E57F0EFC79C600B36728 /* Ogre.framework in Frameworks */ = {isa = PBXBuildFile; fileRef = DED3E57D0EFC79C500B36728 /* Ogre.framework */; };
		DED3E5850EFC7A0600B36728 /* libois.a in Frameworks */ = {isa = PBXBuildFile; fileRef = DED3E5840EFC7A0600B36728 /* libois.a */; };
		DED3E5910EFC7BF700B36728 /* IOKit.framework in Frameworks */ = {isa = PBXBuildFile; fileRef = DED3E5900EFC7BF700B36728 /* IOKit.framework */; };
		DED3E5B20EFC7DD000B36728 /* Ogre.framework in CopyFiles */ = {isa = PBXBuildFile; fileRef = DED3E57D0EFC79C500B36728 /* Ogre.framework */; };
		DED3E5B70EFC7E6400B36728 /* media.cfg in Resources */ = {isa = PBXBuildFile; fileRef = DED3E5B60EFC7E6400B36728 /* media.cfg */; };
		DED3E7A10EFC84A100B36728 /* Media in Resources */ = {isa = PBXBuildFile; fileRef = DED3E5EB0EFC84A000B36728 /* Media */; };
		DEEE0A850EFD90B80093C3AD /* terrain.png in Resources */ = {isa = PBXBuildFile; fileRef = DEEE0A840EFD90B80093C3AD /* terrain.png */; };
		DEF01D0E0EFDA9B200E18C05 /* Cg.framework in CopyFiles */ = {isa = PBXBuildFile; fileRef = DED3E57C0EFC79C500B36728 /* Cg.framework */; };
		DEF6A8FE0F4613CD004E7B34 /* apgui.cpp in Sources */ = {isa = PBXBuildFile; fileRef = DEF6A8FA0F4613CD004E7B34 /* apgui.cpp */; };
		DEF6A8FF0F4613CD004E7B34 /* apeventhandler.cpp in Sources */ = {isa = PBXBuildFile; fileRef = DEF6A8FD0F4613CD004E7B34 /* apeventhandler.cpp */; };
		DEFB66BC0EFDC9F400E2CB86 /* gameengine.cpp in Sources */ = {isa = PBXBuildFile; fileRef = DEFB66BA0EFDC9F400E2CB86 /* gameengine.cpp */; };
/* End PBXBuildFile section */

/* Begin PBXCopyFilesBuildPhase section */
		DED3E5B00EFC7DB900B36728 /* CopyFiles */ = {
			isa = PBXCopyFilesBuildPhase;
			buildActionMask = 2147483647;
			dstPath = "";
			dstSubfolderSpec = 10;
			files = (
				DE1EF28C0F464ABD00A790AC /* CEGUI.framework in CopyFiles */,
				DE1EF1E20F464A8B00A790AC /* OgreCEGUIRenderer.framework in CopyFiles */,
				DEF01D0E0EFDA9B200E18C05 /* Cg.framework in CopyFiles */,
				DED3E5B20EFC7DD000B36728 /* Ogre.framework in CopyFiles */,
			);
			runOnlyForDeploymentPostprocessing = 0;
		};
/* End PBXCopyFilesBuildPhase section */

/* Begin PBXFileReference section */
		0867D6ABFE840B52C02AAC07 /* English */ = {isa = PBXFileReference; fileEncoding = 10; lastKnownFileType = text.plist.strings; name = English; path = English.lproj/InfoPlist.strings; sourceTree = "<group>"; };
		20286C33FDCF999611CA2CEA /* Carbon.framework */ = {isa = PBXFileReference; lastKnownFileType = wrapper.framework; name = Carbon.framework; path = /System/Library/Frameworks/Carbon.framework; sourceTree = "<absolute>"; };
		8D0C4E960486CD37000505A6 /* Info.plist */ = {isa = PBXFileReference; fileEncoding = 4; lastKnownFileType = text.plist.xml; path = Info.plist; sourceTree = "<group>"; };
		8D0C4E970486CD37000505A6 /* sample1_ismo.app */ = {isa = PBXFileReference; explicitFileType = wrapper.application; includeInIndex = 0; path = sample1_ismo.app; sourceTree = BUILT_PRODUCTS_DIR; };
		DE06A8000EFEFB290003C317 /* network_strategy.h */ = {isa = PBXFileReference; fileEncoding = 4; lastKnownFileType = sourcecode.c.h; name = network_strategy.h; path = src/network_strategy.h; sourceTree = "<group>"; };
		DE1EF0EB0F46452B00A790AC /* CEGUI.framework */ = {isa = PBXFileReference; lastKnownFileType = wrapper.framework; name = CEGUI.framework; path = ../../../Desktop/OgreSDK/Dependencies/CEGUI.framework; sourceTree = SOURCE_ROOT; };
		DE1EF1DF0F464A8700A790AC /* OgreCEGUIRenderer.framework */ = {isa = PBXFileReference; lastKnownFileType = wrapper.framework; name = OgreCEGUIRenderer.framework; path = ../../../Desktop/OgreCEGUIRenderer.framework; sourceTree = SOURCE_ROOT; };
		DE38A1C30F065CDE00B29D90 /* apframelistener.cpp */ = {isa = PBXFileReference; fileEncoding = 4; lastKnownFileType = sourcecode.cpp.cpp; name = apframelistener.cpp; path = src/apframelistener.cpp; sourceTree = "<group>"; };
		DE86D39F0EFED27100B72F7D /* graphics.h */ = {isa = PBXFileReference; fileEncoding = 4; lastKnownFileType = sourcecode.c.h; name = graphics.h; path = src/graphics.h; sourceTree = "<group>"; };
		DE86D3A00EFED27100B72F7D /* graphics.cpp */ = {isa = PBXFileReference; fileEncoding = 4; lastKnownFileType = sourcecode.cpp.cpp; name = graphics.cpp; path = src/graphics.cpp; sourceTree = "<group>"; };
		DE86D3E70EFED79E00B72F7D /* apmech.h */ = {isa = PBXFileReference; fileEncoding = 4; lastKnownFileType = sourcecode.c.h; name = apmech.h; path = src/apmech.h; sourceTree = "<group>"; };
		DEA81CAF0EFD9EF200E5A09B /* gameobject.h */ = {isa = PBXFileReference; fileEncoding = 4; lastKnownFileType = sourcecode.c.h; name = gameobject.h; path = src/gameobject.h; sourceTree = "<group>"; };
		DEA81CB00EFD9EF200E5A09B /* gameworld.cpp */ = {isa = PBXFileReference; fileEncoding = 4; lastKnownFileType = sourcecode.cpp.cpp; name = gameworld.cpp; path = src/gameworld.cpp; sourceTree = "<group>"; };
		DEA81CB10EFD9EF200E5A09B /* gameworld.h */ = {isa = PBXFileReference; fileEncoding = 4; lastKnownFileType = sourcecode.c.h; name = gameworld.h; path = src/gameworld.h; sourceTree = "<group>"; };
		DEA81CB20EFD9EF200E5A09B /* mech.h */ = {isa = PBXFileReference; fileEncoding = 4; lastKnownFileType = sourcecode.c.h; name = mech.h; path = src/mech.h; sourceTree = "<group>"; };
		DEA81CCE0EFDA10C00E5A09B /* mech.cpp */ = {isa = PBXFileReference; fileEncoding = 4; lastKnownFileType = sourcecode.cpp.cpp; name = mech.cpp; path = src/mech.cpp; sourceTree = "<group>"; };
		DEBB0F9B0EFD168100BD6675 /* resources.cfg */ = {isa = PBXFileReference; fileEncoding = 4; lastKnownFileType = text; name = resources.cfg; path = Mac/resources.cfg; sourceTree = "<group>"; };
		DEBB0F9D0EFD168A00BD6675 /* plugins.cfg */ = {isa = PBXFileReference; fileEncoding = 4; lastKnownFileType = text; name = plugins.cfg; path = Mac/plugins.cfg; sourceTree = "<group>"; };
		DECAC3030EFE5D68001EEFCB /* gameobject.cpp */ = {isa = PBXFileReference; fileEncoding = 4; lastKnownFileType = sourcecode.cpp.cpp; name = gameobject.cpp; path = src/gameobject.cpp; sourceTree = "<group>"; };
		DED3E5790EFC797A00B36728 /* apmech.cpp */ = {isa = PBXFileReference; fileEncoding = 4; lastKnownFileType = sourcecode.cpp.cpp; name = apmech.cpp; path = src/apmech.cpp; sourceTree = "<group>"; };
		DED3E57C0EFC79C500B36728 /* Cg.framework */ = {isa = PBXFileReference; lastKnownFileType = wrapper.framework; name = Cg.framework; path = ../../../Desktop/OgreSDK/Dependencies/Cg.framework; sourceTree = SOURCE_ROOT; };
		DED3E57D0EFC79C500B36728 /* Ogre.framework */ = {isa = PBXFileReference; lastKnownFileType = wrapper.framework; name = Ogre.framework; path = ../../../Desktop/OgreSDK/Dependencies/Ogre.framework; sourceTree = SOURCE_ROOT; };
		DED3E5840EFC7A0600B36728 /* libois.a */ = {isa = PBXFileReference; lastKnownFileType = archive.ar; name = libois.a; path = ../../../Desktop/OgreSDK/Dependencies/lib/Release/libois.a; sourceTree = SOURCE_ROOT; };
		DED3E5900EFC7BF700B36728 /* IOKit.framework */ = {isa = PBXFileReference; lastKnownFileType = wrapper.framework; name = IOKit.framework; path = /System/Library/Frameworks/IOKit.framework; sourceTree = "<absolute>"; };
		DED3E5B60EFC7E6400B36728 /* media.cfg */ = {isa = PBXFileReference; fileEncoding = 4; lastKnownFileType = text; path = media.cfg; sourceTree = "<group>"; };
		DED3E5EB0EFC84A000B36728 /* Media */ = {isa = PBXFileReference; lastKnownFileType = folder; name = Media; path = ../Media; sourceTree = SOURCE_ROOT; };
		DEEE0A840EFD90B80093C3AD /* terrain.png */ = {isa = PBXFileReference; lastKnownFileType = image.png; name = terrain.png; path = ../Media/materials/textures/terrain.png; sourceTree = SOURCE_ROOT; };
		DEF6A8F90F4613CD004E7B34 /* apgui.h */ = {isa = PBXFileReference; fileEncoding = 4; lastKnownFileType = sourcecode.c.h; name = apgui.h; path = src/apgui.h; sourceTree = "<group>"; };
		DEF6A8FA0F4613CD004E7B34 /* apgui.cpp */ = {isa = PBXFileReference; fileEncoding = 4; lastKnownFileType = sourcecode.cpp.cpp; name = apgui.cpp; path = src/apgui.cpp; sourceTree = "<group>"; };
		DEF6A8FB0F4613CD004E7B34 /* apframelistener.h */ = {isa = PBXFileReference; fileEncoding = 4; lastKnownFileType = sourcecode.c.h; name = apframelistener.h; path = src/apframelistener.h; sourceTree = "<group>"; };
		DEF6A8FC0F4613CD004E7B34 /* apeventhandler.h */ = {isa = PBXFileReference; fileEncoding = 4; lastKnownFileType = sourcecode.c.h; name = apeventhandler.h; path = src/apeventhandler.h; sourceTree = "<group>"; };
		DEF6A8FD0F4613CD004E7B34 /* apeventhandler.cpp */ = {isa = PBXFileReference; fileEncoding = 4; lastKnownFileType = sourcecode.cpp.cpp; name = apeventhandler.cpp; path = src/apeventhandler.cpp; sourceTree = "<group>"; };
		DEFB66BA0EFDC9F400E2CB86 /* gameengine.cpp */ = {isa = PBXFileReference; fileEncoding = 4; indentWidth = 4; lastKnownFileType = sourcecode.cpp.cpp; name = gameengine.cpp; path = src/gameengine.cpp; sourceTree = "<group>"; tabWidth = 4; usesTabs = 0; };
		DEFB66BB0EFDC9F400E2CB86 /* gameengine.h */ = {isa = PBXFileReference; fileEncoding = 4; lastKnownFileType = sourcecode.c.h; name = gameengine.h; path = src/gameengine.h; sourceTree = "<group>"; };
/* End PBXFileReference section */

/* Begin PBXFrameworksBuildPhase section */
		8D0C4E910486CD37000505A6 /* Frameworks */ = {
			isa = PBXFrameworksBuildPhase;
			buildActionMask = 2147483647;
			files = (
				8D0C4E920486CD37000505A6 /* Carbon.framework in Frameworks */,
				DED3E57E0EFC79C500B36728 /* Cg.framework in Frameworks */,
				DED3E57F0EFC79C600B36728 /* Ogre.framework in Frameworks */,
				DED3E5850EFC7A0600B36728 /* libois.a in Frameworks */,
				DE1EF0EC0F46452B00A790AC /* CEGUI.framework in Frameworks */,
				DED3E5910EFC7BF700B36728 /* IOKit.framework in Frameworks */,
				DE1EF1E00F464A8700A790AC /* OgreCEGUIRenderer.framework in Frameworks */,
			);
			runOnlyForDeploymentPostprocessing = 0;
		};
/* End PBXFrameworksBuildPhase section */

/* Begin PBXGroup section */
		195DF8CFFE9D517E11CA2CBB /* Products */ = {
			isa = PBXGroup;
			children = (
				8D0C4E970486CD37000505A6 /* sample1_ismo.app */,
			);
			name = Products;
			sourceTree = "<group>";
		};
		20286C29FDCF999611CA2CEA /* sample1_ismo */ = {
			isa = PBXGroup;
			children = (
				DE1EF1DF0F464A8700A790AC /* OgreCEGUIRenderer.framework */,
				DE1EF0EB0F46452B00A790AC /* CEGUI.framework */,
				DED3E5900EFC7BF700B36728 /* IOKit.framework */,
				DED3E5840EFC7A0600B36728 /* libois.a */,
				DED3E57C0EFC79C500B36728 /* Cg.framework */,
				DED3E57D0EFC79C500B36728 /* Ogre.framework */,
				20286C2AFDCF999611CA2CEA /* Sources */,
				20286C2CFDCF999611CA2CEA /* Resources */,
				20286C32FDCF999611CA2CEA /* External Frameworks and Libraries */,
				195DF8CFFE9D517E11CA2CBB /* Products */,
			);
			name = sample1_ismo;
			sourceTree = "<group>";
		};
		20286C2AFDCF999611CA2CEA /* Sources */ = {
			isa = PBXGroup;
			children = (
				DEF6A8F90F4613CD004E7B34 /* apgui.h */,
				DEF6A8FA0F4613CD004E7B34 /* apgui.cpp */,
				DEF6A8FB0F4613CD004E7B34 /* apframelistener.h */,
				DEF6A8FC0F4613CD004E7B34 /* apeventhandler.h */,
				DEF6A8FD0F4613CD004E7B34 /* apeventhandler.cpp */,
				DE38A1C30F065CDE00B29D90 /* apframelistener.cpp */,
				DEFB66BA0EFDC9F400E2CB86 /* gameengine.cpp */,
				DEFB66BB0EFDC9F400E2CB86 /* gameengine.h */,
				DEA81CAF0EFD9EF200E5A09B /* gameobject.h */,
				DEA81CB00EFD9EF200E5A09B /* gameworld.cpp */,
				DEA81CB10EFD9EF200E5A09B /* gameworld.h */,
				DEA81CB20EFD9EF200E5A09B /* mech.h */,
				DED3E5790EFC797A00B36728 /* apmech.cpp */,
				DEA81CCE0EFDA10C00E5A09B /* mech.cpp */,
				DECAC3030EFE5D68001EEFCB /* gameobject.cpp */,
				DE86D39F0EFED27100B72F7D /* graphics.h */,
				DE86D3A00EFED27100B72F7D /* graphics.cpp */,
				DE86D3E70EFED79E00B72F7D /* apmech.h */,
				DE06A8000EFEFB290003C317 /* network_strategy.h */,
			);
			name = Sources;
			sourceTree = "<group>";
		};
		20286C2CFDCF999611CA2CEA /* Resources */ = {
			isa = PBXGroup;
			children = (
				DEBB0F9D0EFD168A00BD6675 /* plugins.cfg */,
				DEBB0F9B0EFD168100BD6675 /* resources.cfg */,
				DED3E5EB0EFC84A000B36728 /* Media */,
				DED3E5B60EFC7E6400B36728 /* media.cfg */,
				DEEE0A840EFD90B80093C3AD /* terrain.png */,
				8D0C4E960486CD37000505A6 /* Info.plist */,
				0867D6AAFE840B52C02AAC07 /* InfoPlist.strings */,
			);
			name = Resources;
			sourceTree = "<group>";
		};
		20286C32FDCF999611CA2CEA /* External Frameworks and Libraries */ = {
			isa = PBXGroup;
			children = (
				20286C33FDCF999611CA2CEA /* Carbon.framework */,
			);
			name = "External Frameworks and Libraries";
			sourceTree = "<group>";
		};
/* End PBXGroup section */

/* Begin PBXNativeTarget section */
		8D0C4E890486CD37000505A6 /* sample1_ismo */ = {
			isa = PBXNativeTarget;
			buildConfigurationList = C0E91AC508A95435008D54AB /* Build configuration list for PBXNativeTarget "sample1_ismo" */;
			buildPhases = (
				8D0C4E8C0486CD37000505A6 /* Resources */,
				8D0C4E8F0486CD37000505A6 /* Sources */,
				8D0C4E910486CD37000505A6 /* Frameworks */,
				DED3E5B00EFC7DB900B36728 /* CopyFiles */,
			);
			buildRules = (
			);
			dependencies = (
			);
			name = sample1_ismo;
			productInstallPath = "$(HOME)/Applications";
			productName = sample1_ismo;
			productReference = 8D0C4E970486CD37000505A6 /* sample1_ismo.app */;
			productType = "com.apple.product-type.application";
		};
/* End PBXNativeTarget section */

/* Begin PBXProject section */
		20286C28FDCF999611CA2CEA /* Project object */ = {
			isa = PBXProject;
			buildConfigurationList = C0E91AC908A95435008D54AB /* Build configuration list for PBXProject "sample1_ismo" */;
			compatibilityVersion = "Xcode 3.0";
			hasScannedForEncodings = 1;
			mainGroup = 20286C29FDCF999611CA2CEA /* sample1_ismo */;
			projectDirPath = "";
			projectRoot = "";
			targets = (
				8D0C4E890486CD37000505A6 /* sample1_ismo */,
			);
		};
/* End PBXProject section */

/* Begin PBXResourcesBuildPhase section */
		8D0C4E8C0486CD37000505A6 /* Resources */ = {
			isa = PBXResourcesBuildPhase;
			buildActionMask = 2147483647;
			files = (
				8D0C4E8D0486CD37000505A6 /* InfoPlist.strings in Resources */,
				DED3E5B70EFC7E6400B36728 /* media.cfg in Resources */,
				DED3E7A10EFC84A100B36728 /* Media in Resources */,
				DEBB0F9C0EFD168100BD6675 /* resources.cfg in Resources */,
				DEBB0F9E0EFD168A00BD6675 /* plugins.cfg in Resources */,
				DEEE0A850EFD90B80093C3AD /* terrain.png in Resources */,
			);
			runOnlyForDeploymentPostprocessing = 0;
		};
/* End PBXResourcesBuildPhase section */

/* Begin PBXSourcesBuildPhase section */
		8D0C4E8F0486CD37000505A6 /* Sources */ = {
			isa = PBXSourcesBuildPhase;
			buildActionMask = 2147483647;
			files = (
				DED3E57A0EFC797A00B36728 /* apmech.cpp in Sources */,
				DEA81CB30EFD9EF200E5A09B /* gameworld.cpp in Sources */,
				DEA81CCF0EFDA10C00E5A09B /* mech.cpp in Sources */,
				DEFB66BC0EFDC9F400E2CB86 /* gameengine.cpp in Sources */,
				DECAC3040EFE5D68001EEFCB /* gameobject.cpp in Sources */,
				DE86D3A10EFED27100B72F7D /* graphics.cpp in Sources */,
				DE38A1C40F065CDE00B29D90 /* apframelistener.cpp in Sources */,
				DEF6A8FE0F4613CD004E7B34 /* apgui.cpp in Sources */,
				DEF6A8FF0F4613CD004E7B34 /* apeventhandler.cpp in Sources */,
			);
			runOnlyForDeploymentPostprocessing = 0;
		};
/* End PBXSourcesBuildPhase section */

/* Begin PBXVariantGroup section */
		0867D6AAFE840B52C02AAC07 /* InfoPlist.strings */ = {
			isa = PBXVariantGroup;
			children = (
				0867D6ABFE840B52C02AAC07 /* English */,
			);
			name = InfoPlist.strings;
			sourceTree = "<group>";
		};
/* End PBXVariantGroup section */

/* Begin XCBuildConfiguration section */
		C0E91AC608A95435008D54AB /* Debug */ = {
			isa = XCBuildConfiguration;
			buildSettings = {
				ARCHS = (
					i386,
					ppc,
				);
				COPY_PHASE_STRIP = NO;
				DEBUG_INFORMATION_FORMAT = dwarf;
				FRAMEWORK_SEARCH_PATHS = (
					"$(inherited)",
					"\"$(SRCROOT)/../../../Desktop/OgreSDK/Dependencies\"",
					"\"$(SRCROOT)/../../../Desktop\"",
					"\"$(SRCROOT)\"",
					"\"$(SRCROOT)/../../../Desktop/OgreSDK/build/Release\"",
				);
				GCC_DYNAMIC_NO_PIC = NO;
				GCC_ENABLE_FIX_AND_CONTINUE = YES;
				GCC_MODEL_TUNING = G5;
				GCC_OPTIMIZATION_LEVEL = 0;
				GCC_PRECOMPILE_PREFIX_HEADER = YES;
				GCC_PREFIX_HEADER = "$(SYSTEM_LIBRARY_DIR)/Frameworks/Carbon.framework/Headers/Carbon.h";
				HEADER_SEARCH_PATHS = (
					"\"$(SRCROOT)/lib\"",
					"\"$(SRCROOT)/../../../Desktop/OgreSDK/Samples/include\"",
					"\"$(SRCROOT)/../../../Desktop/OgreSDK/Dependencies/Ogre.framework/Headers\"",
					"\"$(SRCROOT)/../../../Desktop/OgreSDK/Dependencies/Cg.framework/Headers\"",
					"\"$(SRCROOT)/../../../Desktop/OgreSDK/Dependencies/include\"",
					"\"$(SRCROOT)/../../../Desktop/OgreSDK/Dependencies/Cegui.framework/Headers\"",
				);
				INFOPLIST_FILE = Info.plist;
				INSTALL_PATH = "$(HOME)/Applications";
				LIBRARY_SEARCH_PATHS = (
					"$(inherited)",
					"\"$(SRCROOT)/../../../Desktop/OgreSDK/Dependencies/lib/Release\"",
					"\"$(SRCROOT)\"",
				);
				OTHER_LDFLAGS = (
					"-framework",
					Carbon,
				);
				PRODUCT_NAME = sample1_ismo;
				VALID_ARCHS = i386;
				WRAPPER_EXTENSION = app;
				ZERO_LINK = NO;
			};
			name = Debug;
		};
		C0E91AC708A95435008D54AB /* Release */ = {
			isa = XCBuildConfiguration;
			buildSettings = {
				ARCHS = (
					i386,
					ppc,
				);
				DEBUG_INFORMATION_FORMAT = dwarf;
				FRAMEWORK_SEARCH_PATHS = (
					"$(inherited)",
					"\"$(SRCROOT)/../../../Desktop/OgreSDK/Dependencies\"",
					"\"$(SRCROOT)/../../../Desktop\"",
					"\"$(SRCROOT)\"",
					"\"$(SRCROOT)/../../../Desktop/OgreSDK/build/Release\"",
				);
				GCC_MODEL_TUNING = G5;
				GCC_PRECOMPILE_PREFIX_HEADER = YES;
				GCC_PREFIX_HEADER = "$(SYSTEM_LIBRARY_DIR)/Frameworks/Carbon.framework/Headers/Carbon.h";
				HEADER_SEARCH_PATHS = (
					"\"$(SRCROOT)/lib\"",
					"\"$(SRCROOT)/../../../Desktop/OgreSDK/Samples/include\"",
					"\"$(SRCROOT)/../../../Desktop/OgreSDK/Dependencies/Ogre.framework/Headers\"",
					"\"$(SRCROOT)/../../../Desktop/OgreSDK/Dependencies/Cg.framework/Headers\"",
					"\"$(SRCROOT)/../../../Desktop/OgreSDK/Dependencies/include\"",
					"\"$(SRCROOT)/../../../Desktop/OgreSDK/Dependencies/Cegui.framework/Headers\"",
				);
				INFOPLIST_FILE = Info.plist;
				INSTALL_PATH = "$(HOME)/Applications";
				LIBRARY_SEARCH_PATHS = (
					"$(inherited)",
					"\"$(SRCROOT)/../../../Desktop/OgreSDK/Dependencies/lib/Release\"",
					"\"$(SRCROOT)\"",
				);
				OTHER_LDFLAGS = (
					"-framework",
					Carbon,
				);
				PRODUCT_NAME = sample1_ismo;
				VALID_ARCHS = i386;
				WRAPPER_EXTENSION = app;
				ZERO_LINK = NO;
			};
			name = Release;
		};
		C0E91ACA08A95435008D54AB /* Debug */ = {
			isa = XCBuildConfiguration;
			buildSettings = {
				GCC_WARN_ABOUT_RETURN_TYPE = YES;
				GCC_WARN_UNUSED_VARIABLE = YES;
				PREBINDING = NO;
				SCAN_ALL_SOURCE_FILES_FOR_INCLUDES = YES;
				SDKROOT = "$(DEVELOPER_SDK_DIR)/MacOSX10.5.sdk";
			};
			name = Debug;
		};
		C0E91ACB08A95435008D54AB /* Release */ = {
			isa = XCBuildConfiguration;
			buildSettings = {
				ARCHS = (
					ppc,
					i386,
				);
				GCC_WARN_ABOUT_RETURN_TYPE = YES;
				GCC_WARN_UNUSED_VARIABLE = YES;
				PREBINDING = NO;
				SCAN_ALL_SOURCE_FILES_FOR_INCLUDES = YES;
				SDKROOT = "$(DEVELOPER_SDK_DIR)/MacOSX10.5.sdk";
			};
			name = Release;
		};
/* End XCBuildConfiguration section */

/* Begin XCConfigurationList section */
		C0E91AC508A95435008D54AB /* Build configuration list for PBXNativeTarget "sample1_ismo" */ = {
			isa = XCConfigurationList;
			buildConfigurations = (
				C0E91AC608A95435008D54AB /* Debug */,
				C0E91AC708A95435008D54AB /* Release */,
			);
			defaultConfigurationIsVisible = 0;
			defaultConfigurationName = Release;
		};
		C0E91AC908A95435008D54AB /* Build configuration list for PBXProject "sample1_ismo" */ = {
			isa = XCConfigurationList;
			buildConfigurations = (
				C0E91ACA08A95435008D54AB /* Debug */,
				C0E91ACB08A95435008D54AB /* Release */,
			);
			defaultConfigurationIsVisible = 0;
			defaultConfigurationName = Release;
		};
/* End XCConfigurationList section */
	};
	rootObject = 20286C28FDCF999611CA2CEA /* Project object */;
}
