// !$*UTF8*$!
{
	archiveVersion = 1;
	classes = {
	};
	objectVersion = 44;
	objects = {

/* Begin PBXBuildFile section */
		8D0C4E8D0486CD37000505A6 /* InfoPlist.strings in Resources */ = {isa = PBXBuildFile; fileRef = 0867D6AAFE840B52C02AAC07 /* InfoPlist.strings */; };
		8D0C4E920486CD37000505A6 /* Carbon.framework in Frameworks */ = {isa = PBXBuildFile; fileRef = 20286C33FDCF999611CA2CEA /* Carbon.framework */; };
		DEBB0F9C0EFD168100BD6675 /* resources.cfg in Resources */ = {isa = PBXBuildFile; fileRef = DEBB0F9B0EFD168100BD6675 /* resources.cfg */; };
		DEBB0F9E0EFD168A00BD6675 /* plugins.cfg in Resources */ = {isa = PBXBuildFile; fileRef = DEBB0F9D0EFD168A00BD6675 /* plugins.cfg */; };
		DED3E57A0EFC797A00B36728 /* SampleApp.cpp in Sources */ = {isa = PBXBuildFile; fileRef = DED3E5790EFC797A00B36728 /* SampleApp.cpp */; };
		DED3E57E0EFC79C500B36728 /* Cg.framework in Frameworks */ = {isa = PBXBuildFile; fileRef = DED3E57C0EFC79C500B36728 /* Cg.framework */; };
		DED3E57F0EFC79C600B36728 /* Ogre.framework in Frameworks */ = {isa = PBXBuildFile; fileRef = DED3E57D0EFC79C500B36728 /* Ogre.framework */; };
		DED3E5850EFC7A0600B36728 /* libois.a in Frameworks */ = {isa = PBXBuildFile; fileRef = DED3E5840EFC7A0600B36728 /* libois.a */; };
		DED3E5910EFC7BF700B36728 /* IOKit.framework in Frameworks */ = {isa = PBXBuildFile; fileRef = DED3E5900EFC7BF700B36728 /* IOKit.framework */; };
		DED3E5B10EFC7DC900B36728 /* Cg.framework in CopyFiles */ = {isa = PBXBuildFile; fileRef = DED3E57C0EFC79C500B36728 /* Cg.framework */; };
		DED3E5B20EFC7DD000B36728 /* Ogre.framework in CopyFiles */ = {isa = PBXBuildFile; fileRef = DED3E57D0EFC79C500B36728 /* Ogre.framework */; };
		DED3E5B70EFC7E6400B36728 /* media.cfg in Resources */ = {isa = PBXBuildFile; fileRef = DED3E5B60EFC7E6400B36728 /* media.cfg */; };
		DED3E7A10EFC84A100B36728 /* Media in Resources */ = {isa = PBXBuildFile; fileRef = DED3E5EB0EFC84A000B36728 /* Media */; };
		DED3E7A30EFC84B100B36728 /* Media in CopyFiles */ = {isa = PBXBuildFile; fileRef = DED3E5EB0EFC84A000B36728 /* Media */; };
/* End PBXBuildFile section */

/* Begin PBXCopyFilesBuildPhase section */
		DED3E5B00EFC7DB900B36728 /* CopyFiles */ = {
			isa = PBXCopyFilesBuildPhase;
			buildActionMask = 2147483647;
			dstPath = "";
			dstSubfolderSpec = 10;
			files = (
				DED3E5B20EFC7DD000B36728 /* Ogre.framework in CopyFiles */,
				DED3E5B10EFC7DC900B36728 /* Cg.framework in CopyFiles */,
			);
			runOnlyForDeploymentPostprocessing = 0;
		};
		DED3E5C40EFC7FD700B36728 /* CopyFiles */ = {
			isa = PBXCopyFilesBuildPhase;
			buildActionMask = 2147483647;
			dstPath = "";
			dstSubfolderSpec = 7;
			files = (
				DED3E7A30EFC84B100B36728 /* Media in CopyFiles */,
			);
			runOnlyForDeploymentPostprocessing = 0;
		};
/* End PBXCopyFilesBuildPhase section */

/* Begin PBXFileReference section */
		0867D6ABFE840B52C02AAC07 /* English */ = {isa = PBXFileReference; fileEncoding = 10; lastKnownFileType = text.plist.strings; name = English; path = English.lproj/InfoPlist.strings; sourceTree = "<group>"; };
		20286C33FDCF999611CA2CEA /* Carbon.framework */ = {isa = PBXFileReference; lastKnownFileType = wrapper.framework; name = Carbon.framework; path = /System/Library/Frameworks/Carbon.framework; sourceTree = "<absolute>"; };
		8D0C4E960486CD37000505A6 /* Info.plist */ = {isa = PBXFileReference; fileEncoding = 4; lastKnownFileType = text.plist.xml; path = Info.plist; sourceTree = "<group>"; };
		8D0C4E970486CD37000505A6 /* sample1_jukka.app */ = {isa = PBXFileReference; explicitFileType = wrapper.application; includeInIndex = 0; path = sample1_jukka.app; sourceTree = BUILT_PRODUCTS_DIR; };
		DEBB0F9B0EFD168100BD6675 /* resources.cfg */ = {isa = PBXFileReference; fileEncoding = 4; lastKnownFileType = text; name = resources.cfg; path = Mac/resources.cfg; sourceTree = "<group>"; };
		DEBB0F9D0EFD168A00BD6675 /* plugins.cfg */ = {isa = PBXFileReference; fileEncoding = 4; lastKnownFileType = text; name = plugins.cfg; path = Mac/plugins.cfg; sourceTree = "<group>"; };
		DED3E5790EFC797A00B36728 /* SampleApp.cpp */ = {isa = PBXFileReference; fileEncoding = 4; lastKnownFileType = sourcecode.cpp.cpp; name = SampleApp.cpp; path = src/SampleApp.cpp; sourceTree = "<group>"; };
		DED3E57C0EFC79C500B36728 /* Cg.framework */ = {isa = PBXFileReference; lastKnownFileType = wrapper.framework; name = Cg.framework; path = ../../../Desktop/OgreSDK/Dependencies/Cg.framework; sourceTree = SOURCE_ROOT; };
		DED3E57D0EFC79C500B36728 /* Ogre.framework */ = {isa = PBXFileReference; lastKnownFileType = wrapper.framework; name = Ogre.framework; path = ../../../Desktop/OgreSDK/Dependencies/Ogre.framework; sourceTree = SOURCE_ROOT; };
		DED3E5840EFC7A0600B36728 /* libois.a */ = {isa = PBXFileReference; lastKnownFileType = archive.ar; name = libois.a; path = ../../../Desktop/OgreSDK/Dependencies/lib/Release/libois.a; sourceTree = SOURCE_ROOT; };
		DED3E5900EFC7BF700B36728 /* IOKit.framework */ = {isa = PBXFileReference; lastKnownFileType = wrapper.framework; name = IOKit.framework; path = /System/Library/Frameworks/IOKit.framework; sourceTree = "<absolute>"; };
		DED3E5B60EFC7E6400B36728 /* media.cfg */ = {isa = PBXFileReference; fileEncoding = 4; lastKnownFileType = text; path = media.cfg; sourceTree = "<group>"; };
		DED3E5EB0EFC84A000B36728 /* Media */ = {isa = PBXFileReference; lastKnownFileType = folder; name = Media; path = ../Media; sourceTree = SOURCE_ROOT; };
/* End PBXFileReference section */

/* Begin PBXFrameworksBuildPhase section */
		8D0C4E910486CD37000505A6 /* Frameworks */ = {
			isa = PBXFrameworksBuildPhase;
			buildActionMask = 2147483647;
			files = (
				8D0C4E920486CD37000505A6 /* Carbon.framework in Frameworks */,
				DED3E57E0EFC79C500B36728 /* Cg.framework in Frameworks */,
				DED3E57F0EFC79C600B36728 /* Ogre.framework in Frameworks */,
				DED3E5850EFC7A0600B36728 /* libois.a in Frameworks */,
				DED3E5910EFC7BF700B36728 /* IOKit.framework in Frameworks */,
			);
			runOnlyForDeploymentPostprocessing = 0;
		};
/* End PBXFrameworksBuildPhase section */

/* Begin PBXGroup section */
		195DF8CFFE9D517E11CA2CBB /* Products */ = {
			isa = PBXGroup;
			children = (
				8D0C4E970486CD37000505A6 /* sample1_jukka.app */,
			);
			name = Products;
			sourceTree = "<group>";
		};
		20286C29FDCF999611CA2CEA /* sample1_jukka */ = {
			isa = PBXGroup;
			children = (
				DED3E5900EFC7BF700B36728 /* IOKit.framework */,
				DED3E5840EFC7A0600B36728 /* libois.a */,
				DED3E57C0EFC79C500B36728 /* Cg.framework */,
				DED3E57D0EFC79C500B36728 /* Ogre.framework */,
				20286C2AFDCF999611CA2CEA /* Sources */,
				20286C2CFDCF999611CA2CEA /* Resources */,
				20286C32FDCF999611CA2CEA /* External Frameworks and Libraries */,
				195DF8CFFE9D517E11CA2CBB /* Products */,
			);
			name = sample1_jukka;
			sourceTree = "<group>";
		};
		20286C2AFDCF999611CA2CEA /* Sources */ = {
			isa = PBXGroup;
			children = (
				DED3E5790EFC797A00B36728 /* SampleApp.cpp */,
			);
			name = Sources;
			sourceTree = "<group>";
		};
		20286C2CFDCF999611CA2CEA /* Resources */ = {
			isa = PBXGroup;
			children = (
				DEBB0F9D0EFD168A00BD6675 /* plugins.cfg */,
				DEBB0F9B0EFD168100BD6675 /* resources.cfg */,
				DED3E5EB0EFC84A000B36728 /* Media */,
				DED3E5B60EFC7E6400B36728 /* media.cfg */,
				8D0C4E960486CD37000505A6 /* Info.plist */,
				0867D6AAFE840B52C02AAC07 /* InfoPlist.strings */,
			);
			name = Resources;
			sourceTree = "<group>";
		};
		20286C32FDCF999611CA2CEA /* External Frameworks and Libraries */ = {
			isa = PBXGroup;
			children = (
				20286C33FDCF999611CA2CEA /* Carbon.framework */,
			);
			name = "External Frameworks and Libraries";
			sourceTree = "<group>";
		};
/* End PBXGroup section */

/* Begin PBXNativeTarget section */
		8D0C4E890486CD37000505A6 /* sample1_jukka */ = {
			isa = PBXNativeTarget;
			buildConfigurationList = C0E91AC508A95435008D54AB /* Build configuration list for PBXNativeTarget "sample1_jukka" */;
			buildPhases = (
				8D0C4E8C0486CD37000505A6 /* Resources */,
				8D0C4E8F0486CD37000505A6 /* Sources */,
				8D0C4E910486CD37000505A6 /* Frameworks */,
				DED3E5B00EFC7DB900B36728 /* CopyFiles */,
				DED3E5C40EFC7FD700B36728 /* CopyFiles */,
			);
			buildRules = (
			);
			dependencies = (
			);
			name = sample1_jukka;
			productInstallPath = "$(HOME)/Applications";
			productName = sample1_jukka;
			productReference = 8D0C4E970486CD37000505A6 /* sample1_jukka.app */;
			productType = "com.apple.product-type.application";
		};
/* End PBXNativeTarget section */

/* Begin PBXProject section */
		20286C28FDCF999611CA2CEA /* Project object */ = {
			isa = PBXProject;
			buildConfigurationList = C0E91AC908A95435008D54AB /* Build configuration list for PBXProject "sample1_jukka" */;
			compatibilityVersion = "Xcode 3.0";
			hasScannedForEncodings = 1;
			mainGroup = 20286C29FDCF999611CA2CEA /* sample1_jukka */;
			projectDirPath = "";
			projectRoot = "";
			targets = (
				8D0C4E890486CD37000505A6 /* sample1_jukka */,
			);
		};
/* End PBXProject section */

/* Begin PBXResourcesBuildPhase section */
		8D0C4E8C0486CD37000505A6 /* Resources */ = {
			isa = PBXResourcesBuildPhase;
			buildActionMask = 2147483647;
			files = (
				8D0C4E8D0486CD37000505A6 /* InfoPlist.strings in Resources */,
				DED3E5B70EFC7E6400B36728 /* media.cfg in Resources */,
				DED3E7A10EFC84A100B36728 /* Media in Resources */,
				DEBB0F9C0EFD168100BD6675 /* resources.cfg in Resources */,
				DEBB0F9E0EFD168A00BD6675 /* plugins.cfg in Resources */,
			);
			runOnlyForDeploymentPostprocessing = 0;
		};
/* End PBXResourcesBuildPhase section */

/* Begin PBXSourcesBuildPhase section */
		8D0C4E8F0486CD37000505A6 /* Sources */ = {
			isa = PBXSourcesBuildPhase;
			buildActionMask = 2147483647;
			files = (
				DED3E57A0EFC797A00B36728 /* SampleApp.cpp in Sources */,
			);
			runOnlyForDeploymentPostprocessing = 0;
		};
/* End PBXSourcesBuildPhase section */

/* Begin PBXVariantGroup section */
		0867D6AAFE840B52C02AAC07 /* InfoPlist.strings */ = {
			isa = PBXVariantGroup;
			children = (
				0867D6ABFE840B52C02AAC07 /* English */,
			);
			name = InfoPlist.strings;
			sourceTree = "<group>";
		};
/* End PBXVariantGroup section */

/* Begin XCBuildConfiguration section */
		C0E91AC608A95435008D54AB /* Debug */ = {
			isa = XCBuildConfiguration;
			buildSettings = {
				ARCHS = (
					i386,
					ppc,
				);
				COPY_PHASE_STRIP = NO;
				FRAMEWORK_SEARCH_PATHS = (
					"$(inherited)",
					"\"$(SRCROOT)/../../../Desktop/OgreSDK/Dependencies\"",
				);
				GCC_DYNAMIC_NO_PIC = NO;
				GCC_ENABLE_FIX_AND_CONTINUE = YES;
				GCC_MODEL_TUNING = G5;
				GCC_OPTIMIZATION_LEVEL = 0;
				GCC_PRECOMPILE_PREFIX_HEADER = NO;
				GCC_PREFIX_HEADER = "$(SYSTEM_LIBRARY_DIR)/Frameworks/Carbon.framework/Headers/Carbon.h";
				HEADER_SEARCH_PATHS = (
					"\"$(SRCROOT)/lib\"",
					"\"$(SRCROOT)/../../../Desktop/OgreSDK/Dependencies/Ogre.framework/Headers\"",
					"\"$(SRCROOT)/../../../Desktop/OgreSDK/Dependencies/Cg.framework/Headers\"",
					"\"$(SRCROOT)/../../../Desktop/OgreSDK/Dependencies/include\"",
				);
				INFOPLIST_FILE = Info.plist;
				INSTALL_PATH = "$(HOME)/Applications";
				LIBRARY_SEARCH_PATHS = (
					"$(inherited)",
					"\"$(SRCROOT)/../../../Desktop/OgreSDK/Dependencies/lib/Release\"",
				);
				PRODUCT_NAME = sample1_jukka;
				VALID_ARCHS = i386;
				WRAPPER_EXTENSION = app;
				ZERO_LINK = NO;
			};
			name = Debug;
		};
		C0E91AC708A95435008D54AB /* Release */ = {
			isa = XCBuildConfiguration;
			buildSettings = {
				ARCHS = (
					i386,
					ppc,
				);
				DEBUG_INFORMATION_FORMAT = "dwarf-with-dsym";
				FRAMEWORK_SEARCH_PATHS = (
					"$(inherited)",
					"\"$(SRCROOT)/../../../Desktop/OgreSDK/Dependencies\"",
				);
				GCC_MODEL_TUNING = G5;
				GCC_PRECOMPILE_PREFIX_HEADER = NO;
				GCC_PREFIX_HEADER = "$(SYSTEM_LIBRARY_DIR)/Frameworks/Carbon.framework/Headers/Carbon.h";
				HEADER_SEARCH_PATHS = (
					"\"$(SRCROOT)/lib\"",
					"\"$(SRCROOT)/../../../Desktop/OgreSDK/Dependencies/Ogre.framework/Headers\"",
					"\"$(SRCROOT)/../../../Desktop/OgreSDK/Dependencies/Cg.framework/Headers\"",
					"\"$(SRCROOT)/../../../Desktop/OgreSDK/Dependencies/include\"",
				);
				INFOPLIST_FILE = Info.plist;
				INSTALL_PATH = "$(HOME)/Applications";
				LIBRARY_SEARCH_PATHS = (
					"$(inherited)",
					"\"$(SRCROOT)/../../../Desktop/OgreSDK/Dependencies/lib/Release\"",
				);
				PRODUCT_NAME = sample1_jukka;
				VALID_ARCHS = i386;
				WRAPPER_EXTENSION = app;
				ZERO_LINK = NO;
			};
			name = Release;
		};
		C0E91ACA08A95435008D54AB /* Debug */ = {
			isa = XCBuildConfiguration;
			buildSettings = {
				GCC_WARN_ABOUT_RETURN_TYPE = YES;
				GCC_WARN_UNUSED_VARIABLE = YES;
				PREBINDING = NO;
				SDKROOT = "$(DEVELOPER_SDK_DIR)/MacOSX10.5.sdk";
			};
			name = Debug;
		};
		C0E91ACB08A95435008D54AB /* Release */ = {
			isa = XCBuildConfiguration;
			buildSettings = {
				ARCHS = (
					ppc,
					i386,
				);
				GCC_WARN_ABOUT_RETURN_TYPE = YES;
				GCC_WARN_UNUSED_VARIABLE = YES;
				PREBINDING = NO;
				SDKROOT = "$(DEVELOPER_SDK_DIR)/MacOSX10.5.sdk";
			};
			name = Release;
		};
/* End XCBuildConfiguration section */

/* Begin XCConfigurationList section */
		C0E91AC508A95435008D54AB /* Build configuration list for PBXNativeTarget "sample1_jukka" */ = {
			isa = XCConfigurationList;
			buildConfigurations = (
				C0E91AC608A95435008D54AB /* Debug */,
				C0E91AC708A95435008D54AB /* Release */,
			);
			defaultConfigurationIsVisible = 0;
			defaultConfigurationName = Release;
		};
		C0E91AC908A95435008D54AB /* Build configuration list for PBXProject "sample1_jukka" */ = {
			isa = XCConfigurationList;
			buildConfigurations = (
				C0E91ACA08A95435008D54AB /* Debug */,
				C0E91ACB08A95435008D54AB /* Release */,
			);
			defaultConfigurationIsVisible = 0;
			defaultConfigurationName = Release;
		};
/* End XCConfigurationList section */
	};
	rootObject = 20286C28FDCF999611CA2CEA /* Project object */;
}
